<?xml version="1.0" encoding="utf-8"?>
<Project ToolsVersion="4.0" xmlns="http://schemas.microsoft.com/developer/msbuild/2003">
  <ItemGroup>
    <Filter Include="Source Files">
      <UniqueIdentifier>{7f50ed45-2549-4f1d-a482-5413971020f2}</UniqueIdentifier>
      <Extensions>cpp;c;cxx;rc;def;r;odl;idl;hpj;bat</Extensions>
    </Filter>
    <Filter Include="Header Files">
      <UniqueIdentifier>{9fad267d-9d4f-4745-b36f-82c911456e77}</UniqueIdentifier>
      <Extensions>h;hpp;hxx;hm;inl</Extensions>
    </Filter>
    <Filter Include="Resource Files">
      <UniqueIdentifier>{c6572ba7-a9b8-4ea4-b03a-d6d9587dc709}</UniqueIdentifier>
      <Extensions>ico;cur;bmp;dlg;rc2;rct;bin;rgs;gif;jpg;jpeg;jpe</Extensions>
    </Filter>
  </ItemGroup>
  <ItemGroup>
    <ClCompile Include="cgfxAttrDef.cpp">
      <Filter>Source Files</Filter>
    </ClCompile>
    <ClCompile Include="cgfxEffectDef.cpp">
      <Filter>Source Files</Filter>
    </ClCompile>
    <ClCompile Include="cgfxFindImage.cpp">
      <Filter>Source Files</Filter>
    </ClCompile>
    <ClCompile Include="cgfxPassStateSetter.cpp">
      <Filter>Source Files</Filter>
    </ClCompile>
    <ClCompile Include="cgfxProfile.cpp">
      <Filter>Source Files</Filter>
    </ClCompile>
    <ClCompile Include="cgfxShaderCmd.cpp">
      <Filter>Source Files</Filter>
    </ClCompile>
    <ClCompile Include="cgfxShaderNode.cpp">
      <Filter>Source Files</Filter>
    </ClCompile>
    <ClCompile Include="cgfxTextureCache.cpp">
      <Filter>Source Files</Filter>
    </ClCompile>
    <ClCompile Include="cgfxVector.cpp">
      <Filter>Source Files</Filter>
    </ClCompile>
    <ClCompile Include="nv_dds.cpp">
      <Filter>Source Files</Filter>
    </ClCompile>
    <ClCompile Include="pluginMain.cpp">
      <Filter>Source Files</Filter>
    </ClCompile>
  </ItemGroup>
  <ItemGroup>
    <ClInclude Include="cgfxAttrDef.h">
      <Filter>Header Files</Filter>
    </ClInclude>
    <ClInclude Include="cgfxEffectDef.h">
      <Filter>Header Files</Filter>
    </ClInclude>
    <ClInclude Include="cgfxFindImage.h">
      <Filter>Header Files</Filter>
    </ClInclude>
    <ClInclude Include="cgfxPassStateSetter.h">
      <Filter>Header Files</Filter>
    </ClInclude>
    <ClInclude Include="cgfxProfile.h">
      <Filter>Header Files</Filter>
    </ClInclude>
    <ClInclude Include="cgfxRCPtr.h">
      <Filter>Header Files</Filter>
    </ClInclude>
    <ClInclude Include="cgfxShaderCmd.h">
      <Filter>Header Files</Filter>
    </ClInclude>
    <ClInclude Include="cgfxShaderCommon.h">
      <Filter>Header Files</Filter>
    </ClInclude>
    <ClInclude Include="cgfxShaderNode.h">
      <Filter>Header Files</Filter>
    </ClInclude>
    <ClInclude Include="cgfxTextureCache.h">
      <Filter>Header Files</Filter>
    </ClInclude>
    <ClInclude Include="cgfxVector.h">
      <Filter>Header Files</Filter>
    </ClInclude>
    <ClInclude Include="glext.h">
      <Filter>Header Files</Filter>
    </ClInclude>
    <ClInclude Include="nv_dds.h">
      <Filter>Header Files</Filter>
    </ClInclude>
  </ItemGroup>
</Project>